
Microsoft Visual Studio Solution File, Format Version 12.00
# Visual Studio Version 17
VisualStudioVersion = 17.0.31903.59
MinimumVisualStudioVersion = 10.0.40219.1
Project("{9A19103F-16F7-4668-BE54-9A1E7A4F7556}") = "ConnectDellBack", "ConnectDellBack\ConnectDellBack.csproj", "{E1010999-B226-400A-8C8E-B893CF055C82}"
EndProject
Project("{9A19103F-16F7-4668-BE54-9A1E7A4F7556}") = "ConnectDellBack.Tests", "Testes\ConnectDellBack.Tests\ConnectDellBack.Tests.csproj", "{7D9FF9D7-5A5D-40E8-9E1E-680B29B0E17F}"
EndProject
Project("{54A90642-561A-4BB1-A94E-469ADEE60C69}") = "connectdellfront", "ConnectDellFront\connectdellfront.esproj", "{6D23A602-4CB8-47DE-A55C-D243C2442876}"
EndProject
Global
	GlobalSection(SolutionConfigurationPlatforms) = preSolution
		Debug|Any CPU = Debug|Any CPU
		Release|Any CPU = Release|Any CPU
	EndGlobalSection
	GlobalSection(ProjectConfigurationPlatforms) = postSolution
		{E1010999-B226-400A-8C8E-B893CF055C82}.Debug|Any CPU.ActiveCfg = Debug|Any CPU
		{E1010999-B226-400A-8C8E-B893CF055C82}.Debug|Any CPU.Build.0 = Debug|Any CPU
		{E1010999-B226-400A-8C8E-B893CF055C82}.Release|Any CPU.ActiveCfg = Release|Any CPU
		{E1010999-B226-400A-8C8E-B893CF055C82}.Release|Any CPU.Build.0 = Release|Any CPU
		{7D9FF9D7-5A5D-40E8-9E1E-680B29B0E17F}.Debug|Any CPU.ActiveCfg = Debug|Any CPU
		{7D9FF9D7-5A5D-40E8-9E1E-680B29B0E17F}.Debug|Any CPU.Build.0 = Debug|Any CPU
		{7D9FF9D7-5A5D-40E8-9E1E-680B29B0E17F}.Release|Any CPU.ActiveCfg = Release|Any CPU
		{7D9FF9D7-5A5D-40E8-9E1E-680B29B0E17F}.Release|Any CPU.Build.0 = Release|Any CPU
		{6D23A602-4CB8-47DE-A55C-D243C2442876}.Debug|Any CPU.ActiveCfg = Debug|Any CPU
		{6D23A602-4CB8-47DE-A55C-D243C2442876}.Debug|Any CPU.Build.0 = Debug|Any CPU
		{6D23A602-4CB8-47DE-A55C-D243C2442876}.Debug|Any CPU.Deploy.0 = Debug|Any CPU
		{6D23A602-4CB8-47DE-A55C-D243C2442876}.Release|Any CPU.ActiveCfg = Release|Any CPU
		{6D23A602-4CB8-47DE-A55C-D243C2442876}.Release|Any CPU.Build.0 = Release|Any CPU
		{6D23A602-4CB8-47DE-A55C-D243C2442876}.Release|Any CPU.Deploy.0 = Release|Any CPU
	EndGlobalSection
	GlobalSection(SolutionProperties) = preSolution
		HideSolutionNode = FALSE
	EndGlobalSection
	GlobalSection(ExtensibilityGlobals) = postSolution
		SolutionGuid = {87B9CB59-5F71-441A-84AE-E1645B34CB43}
	EndGlobalSection
EndGlobal
