
Microsoft Visual Studio Solution File, Format Version 12.00
# Visual Studio Version 17
VisualStudioVersion = 17.3.32929.385
MinimumVisualStudioVersion = 10.0.40219.1
Project("{9A19103F-16F7-4668-BE54-9A1E7A4F7556}") = "ConnectDellBack", "ConnectDellBack.csproj", "{ABC0DD80-5E34-4F24-937C-7FB6A396249A}"
EndProject
Global
	GlobalSection(SolutionConfigurationPlatforms) = preSolution
		Debug|Any CPU = Debug|Any CPU
		Release|Any CPU = Release|Any CPU
	EndGlobalSection
	GlobalSection(ProjectConfigurationPlatforms) = postSolution
		{ABC0DD80-5E34-4F24-937C-7FB6A396249A}.Debug|Any CPU.ActiveCfg = Debug|Any CPU
		{ABC0DD80-5E34-4F24-937C-7FB6A396249A}.Debug|Any CPU.Build.0 = Debug|Any CPU
		{ABC0DD80-5E34-4F24-937C-7FB6A396249A}.Release|Any CPU.ActiveCfg = Release|Any CPU
		{ABC0DD80-5E34-4F24-937C-7FB6A396249A}.Release|Any CPU.Build.0 = Release|Any CPU
	EndGlobalSection
	GlobalSection(SolutionProperties) = preSolution
		HideSolutionNode = FALSE
	EndGlobalSection
	GlobalSection(ExtensibilityGlobals) = postSolution
		SolutionGuid = {241502E3-F3BE-4200-8012-46C7EBF29D8D}
	EndGlobalSection
EndGlobal
